
Microsoft Visual Studio Solution File, Format Version 12.00
# Visual Studio Version 17
VisualStudioVersion = 17.12.35527.113
MinimumVisualStudioVersion = 10.0.40219.1
Project("{FAE04EC0-301F-11D3-BF4B-00C04F79EFBC}") = "PatientService", "PatientService\PatientService.csproj", "{077CDF6D-CF21-4248-B780-D7CF1EB6B34C}"
EndProject
Project("{E53339B2-1760-4266-BCC7-CA923CBCF16C}") = "docker-compose", "docker-compose.dcproj", "{2E260EDC-CF65-44DC-B9BB-40A235E1B387}"
EndProject
Project("{FAE04EC0-301F-11D3-BF4B-00C04F79EFBC}") = "GatewayService", "GatewayService\GatewayService.csproj", "{C3875038-2172-4F7C-B81F-F225583DE78D}"
EndProject
Project("{FAE04EC0-301F-11D3-BF4B-00C04F79EFBC}") = "Frontend", "Frontend\Frontend.csproj", "{915975F1-A012-4568-B8AA-AE3623BB99F0}"
EndProject
Project("{FAE04EC0-301F-11D3-BF4B-00C04F79EFBC}") = "NoteService", "NoteService\NoteService.csproj", "{1021FF91-F3CA-4377-88CA-A028A313B6BF}"
EndProject
Project("{FAE04EC0-301F-11D3-BF4B-00C04F79EFBC}") = "ReportService", "ReportService\ReportService.csproj", "{43643207-CA87-412F-A18F-64F3CB51439F}"
EndProject
Project("{FAE04EC0-301F-11D3-BF4B-00C04F79EFBC}") = "AuthService", "AuthService\AuthService.csproj", "{3386DBF1-38A9-4834-ADAC-786514A81B57}"
EndProject
Global
	GlobalSection(SolutionConfigurationPlatforms) = preSolution
		Debug|Any CPU = Debug|Any CPU
		Release|Any CPU = Release|Any CPU
	EndGlobalSection
	GlobalSection(ProjectConfigurationPlatforms) = postSolution
		{077CDF6D-CF21-4248-B780-D7CF1EB6B34C}.Debug|Any CPU.ActiveCfg = Debug|Any CPU
		{077CDF6D-CF21-4248-B780-D7CF1EB6B34C}.Debug|Any CPU.Build.0 = Debug|Any CPU
		{077CDF6D-CF21-4248-B780-D7CF1EB6B34C}.Release|Any CPU.ActiveCfg = Release|Any CPU
		{077CDF6D-CF21-4248-B780-D7CF1EB6B34C}.Release|Any CPU.Build.0 = Release|Any CPU
		{2E260EDC-CF65-44DC-B9BB-40A235E1B387}.Debug|Any CPU.ActiveCfg = Debug|Any CPU
		{2E260EDC-CF65-44DC-B9BB-40A235E1B387}.Debug|Any CPU.Build.0 = Debug|Any CPU
		{2E260EDC-CF65-44DC-B9BB-40A235E1B387}.Release|Any CPU.ActiveCfg = Release|Any CPU
		{2E260EDC-CF65-44DC-B9BB-40A235E1B387}.Release|Any CPU.Build.0 = Release|Any CPU
		{C3875038-2172-4F7C-B81F-F225583DE78D}.Debug|Any CPU.ActiveCfg = Debug|Any CPU
		{C3875038-2172-4F7C-B81F-F225583DE78D}.Debug|Any CPU.Build.0 = Debug|Any CPU
		{C3875038-2172-4F7C-B81F-F225583DE78D}.Release|Any CPU.ActiveCfg = Release|Any CPU
		{C3875038-2172-4F7C-B81F-F225583DE78D}.Release|Any CPU.Build.0 = Release|Any CPU
		{915975F1-A012-4568-B8AA-AE3623BB99F0}.Debug|Any CPU.ActiveCfg = Debug|Any CPU
		{915975F1-A012-4568-B8AA-AE3623BB99F0}.Debug|Any CPU.Build.0 = Debug|Any CPU
		{915975F1-A012-4568-B8AA-AE3623BB99F0}.Release|Any CPU.ActiveCfg = Release|Any CPU
		{915975F1-A012-4568-B8AA-AE3623BB99F0}.Release|Any CPU.Build.0 = Release|Any CPU
		{1021FF91-F3CA-4377-88CA-A028A313B6BF}.Debug|Any CPU.ActiveCfg = Debug|Any CPU
		{1021FF91-F3CA-4377-88CA-A028A313B6BF}.Debug|Any CPU.Build.0 = Debug|Any CPU
		{1021FF91-F3CA-4377-88CA-A028A313B6BF}.Release|Any CPU.ActiveCfg = Release|Any CPU
		{1021FF91-F3CA-4377-88CA-A028A313B6BF}.Release|Any CPU.Build.0 = Release|Any CPU
		{43643207-CA87-412F-A18F-64F3CB51439F}.Debug|Any CPU.ActiveCfg = Debug|Any CPU
		{43643207-CA87-412F-A18F-64F3CB51439F}.Debug|Any CPU.Build.0 = Debug|Any CPU
		{43643207-CA87-412F-A18F-64F3CB51439F}.Release|Any CPU.ActiveCfg = Release|Any CPU
		{43643207-CA87-412F-A18F-64F3CB51439F}.Release|Any CPU.Build.0 = Release|Any CPU
		{3386DBF1-38A9-4834-ADAC-786514A81B57}.Debug|Any CPU.ActiveCfg = Debug|Any CPU
		{3386DBF1-38A9-4834-ADAC-786514A81B57}.Debug|Any CPU.Build.0 = Debug|Any CPU
		{3386DBF1-38A9-4834-ADAC-786514A81B57}.Release|Any CPU.ActiveCfg = Release|Any CPU
		{3386DBF1-38A9-4834-ADAC-786514A81B57}.Release|Any CPU.Build.0 = Release|Any CPU
	EndGlobalSection
	GlobalSection(SolutionProperties) = preSolution
		HideSolutionNode = FALSE
	EndGlobalSection
EndGlobal
